// !$*UTF8*$!
{
	archiveVersion = 1;
	classes = {
	};
	objectVersion = 46;
	objects = {

/* Begin PBXBuildFile section */
		988E09FF1C3ADA670044C269 /* main.m in Sources */ = {isa = PBXBuildFile; fileRef = 988E09FE1C3ADA670044C269 /* main.m */; };
		988E0A021C3ADA670044C269 /* AppDelegate.m in Sources */ = {isa = PBXBuildFile; fileRef = 988E0A011C3ADA670044C269 /* AppDelegate.m */; };
		988E0A051C3ADA670044C269 /* ViewController.m in Sources */ = {isa = PBXBuildFile; fileRef = 988E0A041C3ADA670044C269 /* ViewController.m */; };
		988E0A081C3ADA670044C269 /* Main.storyboard in Resources */ = {isa = PBXBuildFile; fileRef = 988E0A061C3ADA670044C269 /* Main.storyboard */; };
		988E0A0A1C3ADA670044C269 /* Assets.xcassets in Resources */ = {isa = PBXBuildFile; fileRef = 988E0A091C3ADA670044C269 /* Assets.xcassets */; };
		988E0A181C3ADA670044C269 /* qqTalkWindowTests.m in Sources */ = {isa = PBXBuildFile; fileRef = 988E0A171C3ADA670044C269 /* qqTalkWindowTests.m */; };
		988E0A231C3ADA670044C269 /* qqTalkWindowUITests.m in Sources */ = {isa = PBXBuildFile; fileRef = 988E0A221C3ADA670044C269 /* qqTalkWindowUITests.m */; };
		988E0A351C3ADB370044C269 /* messages.plist in Resources */ = {isa = PBXBuildFile; fileRef = 988E0A341C3ADB370044C269 /* messages.plist */; };
		988E0A3A1C3ADBE30044C269 /* MessageFrame.m in Sources */ = {isa = PBXBuildFile; fileRef = 988E0A371C3ADBE30044C269 /* MessageFrame.m */; };
		988E0A3B1C3ADBE30044C269 /* MessageModel.m in Sources */ = {isa = PBXBuildFile; fileRef = 988E0A391C3ADBE30044C269 /* MessageModel.m */; };
		988E0A3E1C3ADBF50044C269 /* MessageCell.m in Sources */ = {isa = PBXBuildFile; fileRef = 988E0A3D1C3ADBF50044C269 /* MessageCell.m */; };
		988E0A421C3ADF7D0044C269 /* 效果图.png in Resources */ = {isa = PBXBuildFile; fileRef = 988E0A411C3ADF7D0044C269 /* 效果图.png */; };
/* End PBXBuildFile section */

/* Begin PBXContainerItemProxy section */
		988E0A141C3ADA670044C269 /* PBXContainerItemProxy */ = {
			isa = PBXContainerItemProxy;
			containerPortal = 988E09F21C3ADA670044C269 /* Project object */;
			proxyType = 1;
			remoteGlobalIDString = 988E09F91C3ADA670044C269;
			remoteInfo = qqTalkWindow;
		};
		988E0A1F1C3ADA670044C269 /* PBXContainerItemProxy */ = {
			isa = PBXContainerItemProxy;
			containerPortal = 988E09F21C3ADA670044C269 /* Project object */;
			proxyType = 1;
			remoteGlobalIDString = 988E09F91C3ADA670044C269;
			remoteInfo = qqTalkWindow;
		};
/* End PBXContainerItemProxy section */

/* Begin PBXFileReference section */
		988E09FA1C3ADA670044C269 /* qqTalkWindow.app */ = {isa = PBXFileReference; explicitFileType = wrapper.application; includeInIndex = 0; path = qqTalkWindow.app; sourceTree = BUILT_PRODUCTS_DIR; };
		988E09FE1C3ADA670044C269 /* main.m */ = {isa = PBXFileReference; lastKnownFileType = sourcecode.c.objc; path = main.m; sourceTree = "<group>"; };
		988E0A001C3ADA670044C269 /* AppDelegate.h */ = {isa = PBXFileReference; lastKnownFileType = sourcecode.c.h; path = AppDelegate.h; sourceTree = "<group>"; };
		988E0A011C3ADA670044C269 /* AppDelegate.m */ = {isa = PBXFileReference; lastKnownFileType = sourcecode.c.objc; path = AppDelegate.m; sourceTree = "<group>"; };
		988E0A031C3ADA670044C269 /* ViewController.h */ = {isa = PBXFileReference; lastKnownFileType = sourcecode.c.h; path = ViewController.h; sourceTree = "<group>"; };
		988E0A041C3ADA670044C269 /* ViewController.m */ = {isa = PBXFileReference; lastKnownFileType = sourcecode.c.objc; path = ViewController.m; sourceTree = "<group>"; };
		988E0A071C3ADA670044C269 /* Base */ = {isa = PBXFileReference; lastKnownFileType = file.storyboard; name = Base; path = Base.lproj/Main.storyboard; sourceTree = "<group>"; };
		988E0A091C3ADA670044C269 /* Assets.xcassets */ = {isa = PBXFileReference; lastKnownFileType = folder.assetcatalog; path = Assets.xcassets; sourceTree = "<group>"; };
		988E0A0E1C3ADA670044C269 /* Info.plist */ = {isa = PBXFileReference; lastKnownFileType = text.plist.xml; path = Info.plist; sourceTree = "<group>"; };
		988E0A131C3ADA670044C269 /* qqTalkWindowTests.xctest */ = {isa = PBXFileReference; explicitFileType = wrapper.cfbundle; includeInIndex = 0; path = qqTalkWindowTests.xctest; sourceTree = BUILT_PRODUCTS_DIR; };
		988E0A171C3ADA670044C269 /* qqTalkWindowTests.m */ = {isa = PBXFileReference; lastKnownFileType = sourcecode.c.objc; path = qqTalkWindowTests.m; sourceTree = "<group>"; };
		988E0A191C3ADA670044C269 /* Info.plist */ = {isa = PBXFileReference; lastKnownFileType = text.plist.xml; path = Info.plist; sourceTree = "<group>"; };
		988E0A1E1C3ADA670044C269 /* qqTalkWindowUITests.xctest */ = {isa = PBXFileReference; explicitFileType = wrapper.cfbundle; includeInIndex = 0; path = qqTalkWindowUITests.xctest; sourceTree = BUILT_PRODUCTS_DIR; };
		988E0A221C3ADA670044C269 /* qqTalkWindowUITests.m */ = {isa = PBXFileReference; lastKnownFileType = sourcecode.c.objc; path = qqTalkWindowUITests.m; sourceTree = "<group>"; };
		988E0A241C3ADA670044C269 /* Info.plist */ = {isa = PBXFileReference; lastKnownFileType = text.plist.xml; path = Info.plist; sourceTree = "<group>"; };
		988E0A341C3ADB370044C269 /* messages.plist */ = {isa = PBXFileReference; fileEncoding = 4; lastKnownFileType = text.plist.xml; path = messages.plist; sourceTree = "<group>"; };
		988E0A361C3ADBE30044C269 /* MessageFrame.h */ = {isa = PBXFileReference; fileEncoding = 4; lastKnownFileType = sourcecode.c.h; path = MessageFrame.h; sourceTree = "<group>"; };
		988E0A371C3ADBE30044C269 /* MessageFrame.m */ = {isa = PBXFileReference; fileEncoding = 4; lastKnownFileType = sourcecode.c.objc; path = MessageFrame.m; sourceTree = "<group>"; };
		988E0A381C3ADBE30044C269 /* MessageModel.h */ = {isa = PBXFileReference; fileEncoding = 4; lastKnownFileType = sourcecode.c.h; path = MessageModel.h; sourceTree = "<group>"; };
		988E0A391C3ADBE30044C269 /* MessageModel.m */ = {isa = PBXFileReference; fileEncoding = 4; lastKnownFileType = sourcecode.c.objc; path = MessageModel.m; sourceTree = "<group>"; };
		988E0A3C1C3ADBF50044C269 /* MessageCell.h */ = {isa = PBXFileReference; fileEncoding = 4; lastKnownFileType = sourcecode.c.h; path = MessageCell.h; sourceTree = "<group>"; };
		988E0A3D1C3ADBF50044C269 /* MessageCell.m */ = {isa = PBXFileReference; fileEncoding = 4; lastKnownFileType = sourcecode.c.objc; path = MessageCell.m; sourceTree = "<group>"; };
		988E0A411C3ADF7D0044C269 /* 效果图.png */ = {isa = PBXFileReference; lastKnownFileType = image.png; path = "效果图.png"; sourceTree = "<group>"; };
/* End PBXFileReference section */

/* Begin PBXFrameworksBuildPhase section */
		988E09F71C3ADA670044C269 /* Frameworks */ = {
			isa = PBXFrameworksBuildPhase;
			buildActionMask = 2147483647;
			files = (
			);
			runOnlyForDeploymentPostprocessing = 0;
		};
		988E0A101C3ADA670044C269 /* Frameworks */ = {
			isa = PBXFrameworksBuildPhase;
			buildActionMask = 2147483647;
			files = (
			);
			runOnlyForDeploymentPostprocessing = 0;
		};
		988E0A1B1C3ADA670044C269 /* Frameworks */ = {
			isa = PBXFrameworksBuildPhase;
			buildActionMask = 2147483647;
			files = (
			);
			runOnlyForDeploymentPostprocessing = 0;
		};
/* End PBXFrameworksBuildPhase section */

/* Begin PBXGroup section */
		988E09F11C3ADA670044C269 = {
			isa = PBXGroup;
			children = (
				988E09FC1C3ADA670044C269 /* qqTalkWindow */,
				988E0A161C3ADA670044C269 /* qqTalkWindowTests */,
				988E0A211C3ADA670044C269 /* qqTalkWindowUITests */,
				988E09FB1C3ADA670044C269 /* Products */,
			);
			sourceTree = "<group>";
		};
		988E09FB1C3ADA670044C269 /* Products */ = {
			isa = PBXGroup;
			children = (
				988E09FA1C3ADA670044C269 /* qqTalkWindow.app */,
				988E0A131C3ADA670044C269 /* qqTalkWindowTests.xctest */,
				988E0A1E1C3ADA670044C269 /* qqTalkWindowUITests.xctest */,
			);
			name = Products;
			sourceTree = "<group>";
		};
		988E09FC1C3ADA670044C269 /* qqTalkWindow */ = {
			isa = PBXGroup;
			children = (
				988E0A401C3ADF5E0044C269 /* Document */,
				988E0A3F1C3ADF4D0044C269 /* Class */,
				988E09FD1C3ADA670044C269 /* Supporting Files */,
			);
			path = qqTalkWindow;
			sourceTree = "<group>";
		};
		988E09FD1C3ADA670044C269 /* Supporting Files */ = {
			isa = PBXGroup;
			children = (
				988E0A341C3ADB370044C269 /* messages.plist */,
				988E0A061C3ADA670044C269 /* Main.storyboard */,
				988E0A091C3ADA670044C269 /* Assets.xcassets */,
				988E0A0E1C3ADA670044C269 /* Info.plist */,
				988E09FE1C3ADA670044C269 /* main.m */,
			);
			name = "Supporting Files";
			sourceTree = "<group>";
		};
		988E0A161C3ADA670044C269 /* qqTalkWindowTests */ = {
			isa = PBXGroup;
			children = (
				988E0A171C3ADA670044C269 /* qqTalkWindowTests.m */,
				988E0A191C3ADA670044C269 /* Info.plist */,
			);
			path = qqTalkWindowTests;
			sourceTree = "<group>";
		};
		988E0A211C3ADA670044C269 /* qqTalkWindowUITests */ = {
			isa = PBXGroup;
			children = (
				988E0A221C3ADA670044C269 /* qqTalkWindowUITests.m */,
				988E0A241C3ADA670044C269 /* Info.plist */,
			);
			path = qqTalkWindowUITests;
			sourceTree = "<group>";
		};
		988E0A301C3ADAAD0044C269 /* Model */ = {
			isa = PBXGroup;
			children = (
				988E0A361C3ADBE30044C269 /* MessageFrame.h */,
				988E0A371C3ADBE30044C269 /* MessageFrame.m */,
				988E0A381C3ADBE30044C269 /* MessageModel.h */,
				988E0A391C3ADBE30044C269 /* MessageModel.m */,
			);
			name = Model;
			sourceTree = "<group>";
		};
		988E0A311C3ADAB50044C269 /* View */ = {
			isa = PBXGroup;
			children = (
				988E0A3C1C3ADBF50044C269 /* MessageCell.h */,
				988E0A3D1C3ADBF50044C269 /* MessageCell.m */,
			);
			name = View;
			sourceTree = "<group>";
		};
		988E0A321C3ADAC10044C269 /* Controller */ = {
			isa = PBXGroup;
			children = (
				988E0A031C3ADA670044C269 /* ViewController.h */,
				988E0A041C3ADA670044C269 /* ViewController.m */,
			);
			name = Controller;
			sourceTree = "<group>";
		};
		988E0A331C3ADACA0044C269 /* Other */ = {
			isa = PBXGroup;
			children = (
				988E0A001C3ADA670044C269 /* AppDelegate.h */,
				988E0A011C3ADA670044C269 /* AppDelegate.m */,
			);
			name = Other;
			sourceTree = "<group>";
		};
		988E0A3F1C3ADF4D0044C269 /* Class */ = {
			isa = PBXGroup;
			children = (
				988E0A331C3ADACA0044C269 /* Other */,
				988E0A321C3ADAC10044C269 /* Controller */,
				988E0A301C3ADAAD0044C269 /* Model */,
				988E0A311C3ADAB50044C269 /* View */,
			);
			name = Class;
			sourceTree = "<group>";
		};
		988E0A401C3ADF5E0044C269 /* Document */ = {
			isa = PBXGroup;
			children = (
				988E0A411C3ADF7D0044C269 /* 效果图.png */,
			);
			name = Document;
			sourceTree = "<group>";
		};
/* End PBXGroup section */

/* Begin PBXNativeTarget section */
		988E09F91C3ADA670044C269 /* qqTalkWindow */ = {
			isa = PBXNativeTarget;
			buildConfigurationList = 988E0A271C3ADA670044C269 /* Build configuration list for PBXNativeTarget "qqTalkWindow" */;
			buildPhases = (
				988E09F61C3ADA670044C269 /* Sources */,
				988E09F71C3ADA670044C269 /* Frameworks */,
				988E09F81C3ADA670044C269 /* Resources */,
			);
			buildRules = (
			);
			dependencies = (
			);
			name = qqTalkWindow;
			productName = qqTalkWindow;
			productReference = 988E09FA1C3ADA670044C269 /* qqTalkWindow.app */;
			productType = "com.apple.product-type.application";
		};
		988E0A121C3ADA670044C269 /* qqTalkWindowTests */ = {
			isa = PBXNativeTarget;
			buildConfigurationList = 988E0A2A1C3ADA670044C269 /* Build configuration list for PBXNativeTarget "qqTalkWindowTests" */;
			buildPhases = (
				988E0A0F1C3ADA670044C269 /* Sources */,
				988E0A101C3ADA670044C269 /* Frameworks */,
				988E0A111C3ADA670044C269 /* Resources */,
			);
			buildRules = (
			);
			dependencies = (
				988E0A151C3ADA670044C269 /* PBXTargetDependency */,
			);
			name = qqTalkWindowTests;
			productName = qqTalkWindowTests;
			productReference = 988E0A131C3ADA670044C269 /* qqTalkWindowTests.xctest */;
			productType = "com.apple.product-type.bundle.unit-test";
		};
		988E0A1D1C3ADA670044C269 /* qqTalkWindowUITests */ = {
			isa = PBXNativeTarget;
			buildConfigurationList = 988E0A2D1C3ADA670044C269 /* Build configuration list for PBXNativeTarget "qqTalkWindowUITests" */;
			buildPhases = (
				988E0A1A1C3ADA670044C269 /* Sources */,
				988E0A1B1C3ADA670044C269 /* Frameworks */,
				988E0A1C1C3ADA670044C269 /* Resources */,
			);
			buildRules = (
			);
			dependencies = (
				988E0A201C3ADA670044C269 /* PBXTargetDependency */,
			);
			name = qqTalkWindowUITests;
			productName = qqTalkWindowUITests;
			productReference = 988E0A1E1C3ADA670044C269 /* qqTalkWindowUITests.xctest */;
			productType = "com.apple.product-type.bundle.ui-testing";
		};
/* End PBXNativeTarget section */

/* Begin PBXProject section */
		988E09F21C3ADA670044C269 /* Project object */ = {
			isa = PBXProject;
			attributes = {
				LastUpgradeCheck = 0720;
				ORGANIZATIONNAME = "李贵";
				TargetAttributes = {
					988E09F91C3ADA670044C269 = {
						CreatedOnToolsVersion = 7.2;
						DevelopmentTeam = 5G5P6RWVL8;
					};
					988E0A121C3ADA670044C269 = {
						CreatedOnToolsVersion = 7.2;
						DevelopmentTeam = 5G5P6RWVL8;
						TestTargetID = 988E09F91C3ADA670044C269;
					};
					988E0A1D1C3ADA670044C269 = {
						CreatedOnToolsVersion = 7.2;
						DevelopmentTeam = 5G5P6RWVL8;
						TestTargetID = 988E09F91C3ADA670044C269;
					};
				};
			};
			buildConfigurationList = 988E09F51C3ADA670044C269 /* Build configuration list for PBXProject "qqTalkWindow" */;
			compatibilityVersion = "Xcode 3.2";
			developmentRegion = English;
			hasScannedForEncodings = 0;
			knownRegions = (
				en,
				Base,
			);
			mainGroup = 988E09F11C3ADA670044C269;
			productRefGroup = 988E09FB1C3ADA670044C269 /* Products */;
			projectDirPath = "";
			projectRoot = "";
			targets = (
				988E09F91C3ADA670044C269 /* qqTalkWindow */,
				988E0A121C3ADA670044C269 /* qqTalkWindowTests */,
				988E0A1D1C3ADA670044C269 /* qqTalkWindowUITests */,
			);
		};
/* End PBXProject section */

/* Begin PBXResourcesBuildPhase section */
		988E09F81C3ADA670044C269 /* Resources */ = {
			isa = PBXResourcesBuildPhase;
			buildActionMask = 2147483647;
			files = (
				988E0A421C3ADF7D0044C269 /* 效果图.png in Resources */,
				988E0A0A1C3ADA670044C269 /* Assets.xcassets in Resources */,
				988E0A081C3ADA670044C269 /* Main.storyboard in Resources */,
				988E0A351C3ADB370044C269 /* messages.plist in Resources */,
			);
			runOnlyForDeploymentPostprocessing = 0;
		};
		988E0A111C3ADA670044C269 /* Resources */ = {
			isa = PBXResourcesBuildPhase;
			buildActionMask = 2147483647;
			files = (
			);
			runOnlyForDeploymentPostprocessing = 0;
		};
		988E0A1C1C3ADA670044C269 /* Resources */ = {
			isa = PBXResourcesBuildPhase;
			buildActionMask = 2147483647;
			files = (
			);
			runOnlyForDeploymentPostprocessing = 0;
		};
/* End PBXResourcesBuildPhase section */

/* Begin PBXSourcesBuildPhase section */
		988E09F61C3ADA670044C269 /* Sources */ = {
			isa = PBXSourcesBuildPhase;
			buildActionMask = 2147483647;
			files = (
				988E0A051C3ADA670044C269 /* ViewController.m in Sources */,
				988E0A3A1C3ADBE30044C269 /* MessageFrame.m in Sources */,
				988E0A3B1C3ADBE30044C269 /* MessageModel.m in Sources */,
				988E0A3E1C3ADBF50044C269 /* MessageCell.m in Sources */,
				988E0A021C3ADA670044C269 /* AppDelegate.m in Sources */,
				988E09FF1C3ADA670044C269 /* main.m in Sources */,
			);
			runOnlyForDeploymentPostprocessing = 0;
		};
		988E0A0F1C3ADA670044C269 /* Sources */ = {
			isa = PBXSourcesBuildPhase;
			buildActionMask = 2147483647;
			files = (
				988E0A181C3ADA670044C269 /* qqTalkWindowTests.m in Sources */,
			);
			runOnlyForDeploymentPostprocessing = 0;
		};
		988E0A1A1C3ADA670044C269 /* Sources */ = {
			isa = PBXSourcesBuildPhase;
			buildActionMask = 2147483647;
			files = (
				988E0A231C3ADA670044C269 /* qqTalkWindowUITests.m in Sources */,
			);
			runOnlyForDeploymentPostprocessing = 0;
		};
/* End PBXSourcesBuildPhase section */

/* Begin PBXTargetDependency section */
		988E0A151C3ADA670044C269 /* PBXTargetDependency */ = {
			isa = PBXTargetDependency;
			target = 988E09F91C3ADA670044C269 /* qqTalkWindow */;
			targetProxy = 988E0A141C3ADA670044C269 /* PBXContainerItemProxy */;
		};
		988E0A201C3ADA670044C269 /* PBXTargetDependency */ = {
			isa = PBXTargetDependency;
			target = 988E09F91C3ADA670044C269 /* qqTalkWindow */;
			targetProxy = 988E0A1F1C3ADA670044C269 /* PBXContainerItemProxy */;
		};
/* End PBXTargetDependency section */

/* Begin PBXVariantGroup section */
		988E0A061C3ADA670044C269 /* Main.storyboard */ = {
			isa = PBXVariantGroup;
			children = (
				988E0A071C3ADA670044C269 /* Base */,
			);
			name = Main.storyboard;
			sourceTree = "<group>";
		};
/* End PBXVariantGroup section */

/* Begin XCBuildConfiguration section */
		988E0A251C3ADA670044C269 /* Debug */ = {
			isa = XCBuildConfiguration;
			buildSettings = {
				ALWAYS_SEARCH_USER_PATHS = NO;
				CLANG_CXX_LANGUAGE_STANDARD = "gnu++0x";
				CLANG_CXX_LIBRARY = "libc++";
				CLANG_ENABLE_MODULES = YES;
				CLANG_ENABLE_OBJC_ARC = YES;
				CLANG_WARN_BOOL_CONVERSION = YES;
				CLANG_WARN_CONSTANT_CONVERSION = YES;
				CLANG_WARN_DIRECT_OBJC_ISA_USAGE = YES_ERROR;
				CLANG_WARN_EMPTY_BODY = YES;
				CLANG_WARN_ENUM_CONVERSION = YES;
				CLANG_WARN_INT_CONVERSION = YES;
				CLANG_WARN_OBJC_ROOT_CLASS = YES_ERROR;
				CLANG_WARN_UNREACHABLE_CODE = YES;
				CLANG_WARN__DUPLICATE_METHOD_MATCH = YES;
				"CODE_SIGN_IDENTITY[sdk=iphoneos*]" = "iPhone Developer";
				COPY_PHASE_STRIP = NO;
				DEBUG_INFORMATION_FORMAT = dwarf;
				ENABLE_STRICT_OBJC_MSGSEND = YES;
				ENABLE_TESTABILITY = YES;
				GCC_C_LANGUAGE_STANDARD = gnu99;
				GCC_DYNAMIC_NO_PIC = NO;
				GCC_NO_COMMON_BLOCKS = YES;
				GCC_OPTIMIZATION_LEVEL = 0;
				GCC_PREPROCESSOR_DEFINITIONS = (
					"DEBUG=1",
					"$(inherited)",
				);
				GCC_WARN_64_TO_32_BIT_CONVERSION = YES;
				GCC_WARN_ABOUT_RETURN_TYPE = YES_ERROR;
				GCC_WARN_UNDECLARED_SELECTOR = YES;
				GCC_WARN_UNINITIALIZED_AUTOS = YES_AGGRESSIVE;
				GCC_WARN_UNUSED_FUNCTION = YES;
				GCC_WARN_UNUSED_VARIABLE = YES;
				IPHONEOS_DEPLOYMENT_TARGET = 9.2;
				MTL_ENABLE_DEBUG_INFO = YES;
				ONLY_ACTIVE_ARCH = YES;
				SDKROOT = iphoneos;
			};
			name = Debug;
		};
		988E0A261C3ADA670044C269 /* Release */ = {
			isa = XCBuildConfiguration;
			buildSettings = {
				ALWAYS_SEARCH_USER_PATHS = NO;
				CLANG_CXX_LANGUAGE_STANDARD = "gnu++0x";
				CLANG_CXX_LIBRARY = "libc++";
				CLANG_ENABLE_MODULES = YES;
				CLANG_ENABLE_OBJC_ARC = YES;
				CLANG_WARN_BOOL_CONVERSION = YES;
				CLANG_WARN_CONSTANT_CONVERSION = YES;
				CLANG_WARN_DIRECT_OBJC_ISA_USAGE = YES_ERROR;
				CLANG_WARN_EMPTY_BODY = YES;
				CLANG_WARN_ENUM_CONVERSION = YES;
				CLANG_WARN_INT_CONVERSION = YES;
				CLANG_WARN_OBJC_ROOT_CLASS = YES_ERROR;
				CLANG_WARN_UNREACHABLE_CODE = YES;
				CLANG_WARN__DUPLICATE_METHOD_MATCH = YES;
				"CODE_SIGN_IDENTITY[sdk=iphoneos*]" = "iPhone Developer";
				COPY_PHASE_STRIP = NO;
				DEBUG_INFORMATION_FORMAT = "dwarf-with-dsym";
				ENABLE_NS_ASSERTIONS = NO;
				ENABLE_STRICT_OBJC_MSGSEND = YES;
				GCC_C_LANGUAGE_STANDARD = gnu99;
				GCC_NO_COMMON_BLOCKS = YES;
				GCC_WARN_64_TO_32_BIT_CONVERSION = YES;
				GCC_WARN_ABOUT_RETURN_TYPE = YES_ERROR;
				GCC_WARN_UNDECLARED_SELECTOR = YES;
				GCC_WARN_UNINITIALIZED_AUTOS = YES_AGGRESSIVE;
				GCC_WARN_UNUSED_FUNCTION = YES;
				GCC_WARN_UNUSED_VARIABLE = YES;
				IPHONEOS_DEPLOYMENT_TARGET = 9.2;
				MTL_ENABLE_DEBUG_INFO = NO;
				SDKROOT = iphoneos;
				VALIDATE_PRODUCT = YES;
			};
			name = Release;
		};
		988E0A281C3ADA670044C269 /* Debug */ = {
			isa = XCBuildConfiguration;
			buildSettings = {
				ASSETCATALOG_COMPILER_APPICON_NAME = AppIcon;
				INFOPLIST_FILE = qqTalkWindow/Info.plist;
				LD_RUNPATH_SEARCH_PATHS = "$(inherited) @executable_path/Frameworks";
				PRODUCT_BUNDLE_IDENTIFIER = com.ligui.qqTalkWindow;
				PRODUCT_NAME = "$(TARGET_NAME)";
			};
			name = Debug;
		};
		988E0A291C3ADA670044C269 /* Release */ = {
			isa = XCBuildConfiguration;
			buildSettings = {
				ASSETCATALOG_COMPILER_APPICON_NAME = AppIcon;
				INFOPLIST_FILE = qqTalkWindow/Info.plist;
				LD_RUNPATH_SEARCH_PATHS = "$(inherited) @executable_path/Frameworks";
				PRODUCT_BUNDLE_IDENTIFIER = com.ligui.qqTalkWindow;
				PRODUCT_NAME = "$(TARGET_NAME)";
			};
			name = Release;
		};
		988E0A2B1C3ADA670044C269 /* Debug */ = {
			isa = XCBuildConfiguration;
			buildSettings = {
				BUNDLE_LOADER = "$(TEST_HOST)";
				INFOPLIST_FILE = qqTalkWindowTests/Info.plist;
				LD_RUNPATH_SEARCH_PATHS = "$(inherited) @executable_path/Frameworks @loader_path/Frameworks";
				PRODUCT_BUNDLE_IDENTIFIER = com.ligui.qqTalkWindowTests;
				PRODUCT_NAME = "$(TARGET_NAME)";
				TEST_HOST = "$(BUILT_PRODUCTS_DIR)/qqTalkWindow.app/qqTalkWindow";
			};
			name = Debug;
		};
		988E0A2C1C3ADA670044C269 /* Release */ = {
			isa = XCBuildConfiguration;
			buildSettings = {
				BUNDLE_LOADER = "$(TEST_HOST)";
				INFOPLIST_FILE = qqTalkWindowTests/Info.plist;
				LD_RUNPATH_SEARCH_PATHS = "$(inherited) @executable_path/Frameworks @loader_path/Frameworks";
				PRODUCT_BUNDLE_IDENTIFIER = com.ligui.qqTalkWindowTests;
				PRODUCT_NAME = "$(TARGET_NAME)";
				TEST_HOST = "$(BUILT_PRODUCTS_DIR)/qqTalkWindow.app/qqTalkWindow";
			};
			name = Release;
		};
		988E0A2E1C3ADA670044C269 /* Debug */ = {
			isa = XCBuildConfiguration;
			buildSettings = {
				INFOPLIST_FILE = qqTalkWindowUITests/Info.plist;
				LD_RUNPATH_SEARCH_PATHS = "$(inherited) @executable_path/Frameworks @loader_path/Frameworks";
				PRODUCT_BUNDLE_IDENTIFIER = com.ligui.qqTalkWindowUITests;
				PRODUCT_NAME = "$(TARGET_NAME)";
				TEST_TARGET_NAME = qqTalkWindow;
				USES_XCTRUNNER = YES;
			};
			name = Debug;
		};
		988E0A2F1C3ADA670044C269 /* Release */ = {
			isa = XCBuildConfiguration;
			buildSettings = {
				INFOPLIST_FILE = qqTalkWindowUITests/Info.plist;
				LD_RUNPATH_SEARCH_PATHS = "$(inherited) @executable_path/Frameworks @loader_path/Frameworks";
				PRODUCT_BUNDLE_IDENTIFIER = com.ligui.qqTalkWindowUITests;
				PRODUCT_NAME = "$(TARGET_NAME)";
				TEST_TARGET_NAME = qqTalkWindow;
				USES_XCTRUNNER = YES;
			};
			name = Release;
		};
/* End XCBuildConfiguration section */

/* Begin XCConfigurationList section */
		988E09F51C3ADA670044C269 /* Build configuration list for PBXProject "qqTalkWindow" */ = {
			isa = XCConfigurationList;
			buildConfigurations = (
				988E0A251C3ADA670044C269 /* Debug */,
				988E0A261C3ADA670044C269 /* Release */,
			);
			defaultConfigurationIsVisible = 0;
			defaultConfigurationName = Release;
		};
		988E0A271C3ADA670044C269 /* Build configuration list for PBXNativeTarget "qqTalkWindow" */ = {
			isa = XCConfigurationList;
			buildConfigurations = (
				988E0A281C3ADA670044C269 /* Debug */,
				988E0A291C3ADA670044C269 /* Release */,
			);
			defaultConfigurationIsVisible = 0;
		};
		988E0A2A1C3ADA670044C269 /* Build configuration list for PBXNativeTarget "qqTalkWindowTests" */ = {
			isa = XCConfigurationList;
			buildConfigurations = (
				988E0A2B1C3ADA670044C269 /* Debug */,
				988E0A2C1C3ADA670044C269 /* Release */,
			);
			defaultConfigurationIsVisible = 0;
		};
		988E0A2D1C3ADA670044C269 /* Build configuration list for PBXNativeTarget "qqTalkWindowUITests" */ = {
			isa = XCConfigurationList;
			buildConfigurations = (
				988E0A2E1C3ADA670044C269 /* Debug */,
				988E0A2F1C3ADA670044C269 /* Release */,
			);
			defaultConfigurationIsVisible = 0;
		};
/* End XCConfigurationList section */
	};
	rootObject = 988E09F21C3ADA670044C269 /* Project object */;
}
